{
    "hash": "278536f976b5c4d4ed9840dd5b77949a",
    "packages": [
        {
            "package": "symfony/class-loader",
            "version": "dev-master",
            "source-reference": "cd1550a4a6c0794b6b109af2db43fde6e18ee363",
            "alias": "2.1.9999999.9999999-dev"
        },
        {
            "package": "symfony/event-dispatcher",
            "version": "dev-master",
            "source-reference": "07e1d0174f3a0ec36bbe04b3850270df7a86271d",
            "alias": "2.1.9999999.9999999-dev"
        },
        {
            "package": "symfony/http-foundation",
            "version": "dev-master",
            "source-reference": "b9aceabb83f3d03fe451cdd867d987e863e7a25e",
            "alias": "2.1.9999999.9999999-dev"
        },
        {
            "package": "symfony/http-kernel",
            "version": "dev-master",
            "source-reference": "2048aa455abe5ca6089fab93fcb787742beb7e49",
            "alias": "2.1.9999999.9999999-dev"
        },
        {
            "package": "symfony/routing",
            "version": "dev-master",
            "source-reference": "0811d83da31aacfe32a580b5db4287cae8f3d5a9",
            "alias": "2.1.9999999.9999999-dev"
        }
    ],
    "packages-dev": null,
    "aliases": []
}
